
Microsoft Visual Studio Solution File, Format Version 12.00
# Visual Studio 15
VisualStudioVersion = 15.0.27130.2010
MinimumVisualStudioVersion = 10.0.40219.1
Project("{FAE04EC0-301F-11D3-BF4B-00C04F79EFBC}") = "flappybirdproject", "flappybirdproject\flappybirdproject.csproj", "{67BC61EC-4EE9-4446-A425-E59F4DA3E1C4}"
EndProject
Global
	GlobalSection(SolutionConfigurationPlatforms) = preSolution
		Debug|Any CPU = Debug|Any CPU
		Release|Any CPU = Release|Any CPU
	EndGlobalSection
	GlobalSection(ProjectConfigurationPlatforms) = postSolution
		{67BC61EC-4EE9-4446-A425-E59F4DA3E1C4}.Debug|Any CPU.ActiveCfg = Debug|Any CPU
		{67BC61EC-4EE9-4446-A425-E59F4DA3E1C4}.Debug|Any CPU.Build.0 = Debug|Any CPU
		{67BC61EC-4EE9-4446-A425-E59F4DA3E1C4}.Release|Any CPU.ActiveCfg = Release|Any CPU
		{67BC61EC-4EE9-4446-A425-E59F4DA3E1C4}.Release|Any CPU.Build.0 = Release|Any CPU
	EndGlobalSection
	GlobalSection(SolutionProperties) = preSolution
		HideSolutionNode = FALSE
	EndGlobalSection
	GlobalSection(ExtensibilityGlobals) = postSolution
		SolutionGuid = {C1F18D77-F30D-44D8-8777-5D7AA59C8AE6}
	EndGlobalSection
EndGlobal
