
Microsoft Visual Studio Solution File, Format Version 12.00
# Visual Studio 15
VisualStudioVersion = 15.0.27130.2036
MinimumVisualStudioVersion = 10.0.40219.1
Project("{FAE04EC0-301F-11D3-BF4B-00C04F79EFBC}") = "Tarnib_multiplayer", "Tarnib_multiplayer\Tarnib_multiplayer.csproj", "{0BD83214-1F44-42B4-9594-E8E44BA27E1E}"
EndProject
Global
	GlobalSection(SolutionConfigurationPlatforms) = preSolution
		Debug|Any CPU = Debug|Any CPU
		Release|Any CPU = Release|Any CPU
	EndGlobalSection
	GlobalSection(ProjectConfigurationPlatforms) = postSolution
		{0BD83214-1F44-42B4-9594-E8E44BA27E1E}.Debug|Any CPU.ActiveCfg = Debug|Any CPU
		{0BD83214-1F44-42B4-9594-E8E44BA27E1E}.Debug|Any CPU.Build.0 = Debug|Any CPU
		{0BD83214-1F44-42B4-9594-E8E44BA27E1E}.Release|Any CPU.ActiveCfg = Release|Any CPU
		{0BD83214-1F44-42B4-9594-E8E44BA27E1E}.Release|Any CPU.Build.0 = Release|Any CPU
	EndGlobalSection
	GlobalSection(SolutionProperties) = preSolution
		HideSolutionNode = FALSE
	EndGlobalSection
	GlobalSection(ExtensibilityGlobals) = postSolution
		SolutionGuid = {2C207593-6C2F-41CC-8CCC-FBEC2F3B48A2}
	EndGlobalSection
EndGlobal
